// !$*UTF8*$!
{
	archiveVersion = 1;
	classes = {
	};
	objectVersion = 55;
	objects = {

/* Begin PBXBuildFile section */
		1F171D2F2BFDF667009626A0 /* CharactersModel.swift in Sources */ = {isa = PBXBuildFile; fileRef = 1F171D2E2BFDF667009626A0 /* CharactersModel.swift */; };
		1F171D422BFE1959009626A0 /* WebView.swift in Sources */ = {isa = PBXBuildFile; fileRef = 1F171D412BFE1959009626A0 /* WebView.swift */; };
		1F44A9362BFDDAC2004622DB /* MarvelApp.swift in Sources */ = {isa = PBXBuildFile; fileRef = 1F44A9352BFDDAC2004622DB /* MarvelApp.swift */; };
		1F44A93A2BFDDAC4004622DB /* Assets.xcassets in Resources */ = {isa = PBXBuildFile; fileRef = 1F44A9392BFDDAC4004622DB /* Assets.xcassets */; };
		1F44A93D2BFDDAC4004622DB /* Preview Assets.xcassets in Resources */ = {isa = PBXBuildFile; fileRef = 1F44A93C2BFDDAC4004622DB /* Preview Assets.xcassets */; };
		1F44A9492BFDDC8C004622DB /* Home.swift in Sources */ = {isa = PBXBuildFile; fileRef = 1F44A9482BFDDC8C004622DB /* Home.swift */; };
		1F44A94B2BFDDDFF004622DB /* HomeViewModel.swift in Sources */ = {isa = PBXBuildFile; fileRef = 1F44A94A2BFDDDFF004622DB /* HomeViewModel.swift */; };
		1F44A94F2BFDDEE0004622DB /* CharactersView.swift in Sources */ = {isa = PBXBuildFile; fileRef = 1F44A94E2BFDDEE0004622DB /* CharactersView.swift */; };
		1F44A9512BFDDEFE004622DB /* ComicsView.swift in Sources */ = {isa = PBXBuildFile; fileRef = 1F44A9502BFDDEFE004622DB /* ComicsView.swift */; };
		1FBC0A852BFF014500E3D8C6 /* ComicsModel.swift in Sources */ = {isa = PBXBuildFile; fileRef = 1FBC0A842BFF014500E3D8C6 /* ComicsModel.swift */; };
		1FBC0A872BFF04E400E3D8C6 /* CharacterRowView.swift in Sources */ = {isa = PBXBuildFile; fileRef = 1FBC0A862BFF04E400E3D8C6 /* CharacterRowView.swift */; };
		1FBC0A8A2BFF0FFC00E3D8C6 /* LaunchScreen.storyboard in Resources */ = {isa = PBXBuildFile; fileRef = 1FBC0A892BFF0FFC00E3D8C6 /* LaunchScreen.storyboard */; };
		1FBC0A8C2BFF13B300E3D8C6 /* ComicRowView.swift in Sources */ = {isa = PBXBuildFile; fileRef = 1FBC0A8B2BFF13B300E3D8C6 /* ComicRowView.swift */; };
		1FBC0A902BFF603400E3D8C6 /* CharacterDescriptionView.swift in Sources */ = {isa = PBXBuildFile; fileRef = 1FBC0A8F2BFF603400E3D8C6 /* CharacterDescriptionView.swift */; };
/* End PBXBuildFile section */

/* Begin PBXFileReference section */
		1F171D2E2BFDF667009626A0 /* CharactersModel.swift */ = {isa = PBXFileReference; lastKnownFileType = sourcecode.swift; path = CharactersModel.swift; sourceTree = "<group>"; };
		1F171D402BFE1676009626A0 /* Info.plist */ = {isa = PBXFileReference; lastKnownFileType = text.plist; path = Info.plist; sourceTree = "<group>"; };
		1F171D412BFE1959009626A0 /* WebView.swift */ = {isa = PBXFileReference; lastKnownFileType = sourcecode.swift; path = WebView.swift; sourceTree = "<group>"; };
		1F44A9322BFDDAC2004622DB /* Marvel.app */ = {isa = PBXFileReference; explicitFileType = wrapper.application; includeInIndex = 0; path = Marvel.app; sourceTree = BUILT_PRODUCTS_DIR; };
		1F44A9352BFDDAC2004622DB /* MarvelApp.swift */ = {isa = PBXFileReference; lastKnownFileType = sourcecode.swift; path = MarvelApp.swift; sourceTree = "<group>"; };
		1F44A9392BFDDAC4004622DB /* Assets.xcassets */ = {isa = PBXFileReference; lastKnownFileType = folder.assetcatalog; path = Assets.xcassets; sourceTree = "<group>"; };
		1F44A93C2BFDDAC4004622DB /* Preview Assets.xcassets */ = {isa = PBXFileReference; lastKnownFileType = folder.assetcatalog; path = "Preview Assets.xcassets"; sourceTree = "<group>"; };
		1F44A9482BFDDC8C004622DB /* Home.swift */ = {isa = PBXFileReference; lastKnownFileType = sourcecode.swift; path = Home.swift; sourceTree = "<group>"; };
		1F44A94A2BFDDDFF004622DB /* HomeViewModel.swift */ = {isa = PBXFileReference; lastKnownFileType = sourcecode.swift; path = HomeViewModel.swift; sourceTree = "<group>"; };
		1F44A94E2BFDDEE0004622DB /* CharactersView.swift */ = {isa = PBXFileReference; lastKnownFileType = sourcecode.swift; path = CharactersView.swift; sourceTree = "<group>"; };
		1F44A9502BFDDEFE004622DB /* ComicsView.swift */ = {isa = PBXFileReference; lastKnownFileType = sourcecode.swift; path = ComicsView.swift; sourceTree = "<group>"; };
		1FBC0A842BFF014500E3D8C6 /* ComicsModel.swift */ = {isa = PBXFileReference; lastKnownFileType = sourcecode.swift; path = ComicsModel.swift; sourceTree = "<group>"; };
		1FBC0A862BFF04E400E3D8C6 /* CharacterRowView.swift */ = {isa = PBXFileReference; lastKnownFileType = sourcecode.swift; path = CharacterRowView.swift; sourceTree = "<group>"; };
		1FBC0A892BFF0FFC00E3D8C6 /* LaunchScreen.storyboard */ = {isa = PBXFileReference; lastKnownFileType = file.storyboard; path = LaunchScreen.storyboard; sourceTree = "<group>"; };
		1FBC0A8B2BFF13B300E3D8C6 /* ComicRowView.swift */ = {isa = PBXFileReference; lastKnownFileType = sourcecode.swift; path = ComicRowView.swift; sourceTree = "<group>"; };
		1FBC0A8F2BFF603400E3D8C6 /* CharacterDescriptionView.swift */ = {isa = PBXFileReference; lastKnownFileType = sourcecode.swift; path = CharacterDescriptionView.swift; sourceTree = "<group>"; };
/* End PBXFileReference section */

/* Begin PBXFrameworksBuildPhase section */
		1F44A92F2BFDDAC2004622DB /* Frameworks */ = {
			isa = PBXFrameworksBuildPhase;
			buildActionMask = 2147483647;
			files = (
			);
			runOnlyForDeploymentPostprocessing = 0;
		};
/* End PBXFrameworksBuildPhase section */

/* Begin PBXGroup section */
		1F171D3F2BFE11C2009626A0 /* Frameworks */ = {
			isa = PBXGroup;
			children = (
			);
			name = Frameworks;
			sourceTree = "<group>";
		};
		1F44A9292BFDDAC2004622DB = {
			isa = PBXGroup;
			children = (
				1F44A9342BFDDAC2004622DB /* Marvel */,
				1F44A9332BFDDAC2004622DB /* Products */,
				1F171D3F2BFE11C2009626A0 /* Frameworks */,
			);
			sourceTree = "<group>";
		};
		1F44A9332BFDDAC2004622DB /* Products */ = {
			isa = PBXGroup;
			children = (
				1F44A9322BFDDAC2004622DB /* Marvel.app */,
			);
			name = Products;
			sourceTree = "<group>";
		};
		1F44A9342BFDDAC2004622DB /* Marvel */ = {
			isa = PBXGroup;
			children = (
				1F171D402BFE1676009626A0 /* Info.plist */,
				1F44A9452BFDDB77004622DB /* Views */,
				1F44A9442BFDDB66004622DB /* ViewModels */,
				1F44A9432BFDDB59004622DB /* Models */,
				1F44A9352BFDDAC2004622DB /* MarvelApp.swift */,
				1FBC0A882BFF0FD100E3D8C6 /* Assets */,
				1F44A93B2BFDDAC4004622DB /* Preview Content */,
			);
			path = Marvel;
			sourceTree = "<group>";
		};
		1F44A93B2BFDDAC4004622DB /* Preview Content */ = {
			isa = PBXGroup;
			children = (
				1F44A93C2BFDDAC4004622DB /* Preview Assets.xcassets */,
			);
			path = "Preview Content";
			sourceTree = "<group>";
		};
		1F44A9432BFDDB59004622DB /* Models */ = {
			isa = PBXGroup;
			children = (
				1F171D2E2BFDF667009626A0 /* CharactersModel.swift */,
				1FBC0A842BFF014500E3D8C6 /* ComicsModel.swift */,
			);
			path = Models;
			sourceTree = "<group>";
		};
		1F44A9442BFDDB66004622DB /* ViewModels */ = {
			isa = PBXGroup;
			children = (
				1F44A94A2BFDDDFF004622DB /* HomeViewModel.swift */,
			);
			path = ViewModels;
			sourceTree = "<group>";
		};
		1F44A9452BFDDB77004622DB /* Views */ = {
			isa = PBXGroup;
			children = (
				1F44A9482BFDDC8C004622DB /* Home.swift */,
				1F44A94E2BFDDEE0004622DB /* CharactersView.swift */,
				1F44A9502BFDDEFE004622DB /* ComicsView.swift */,
				1F171D412BFE1959009626A0 /* WebView.swift */,
				1FBC0A862BFF04E400E3D8C6 /* CharacterRowView.swift */,
				1FBC0A8B2BFF13B300E3D8C6 /* ComicRowView.swift */,
				1FBC0A8F2BFF603400E3D8C6 /* CharacterDescriptionView.swift */,
			);
			path = Views;
			sourceTree = "<group>";
		};
		1FBC0A882BFF0FD100E3D8C6 /* Assets */ = {
			isa = PBXGroup;
			children = (
				1F44A9392BFDDAC4004622DB /* Assets.xcassets */,
				1FBC0A892BFF0FFC00E3D8C6 /* LaunchScreen.storyboard */,
			);
			path = Assets;
			sourceTree = "<group>";
		};
/* End PBXGroup section */

/* Begin PBXNativeTarget section */
		1F44A9312BFDDAC2004622DB /* Marvel */ = {
			isa = PBXNativeTarget;
			buildConfigurationList = 1F44A9402BFDDAC4004622DB /* Build configuration list for PBXNativeTarget "Marvel" */;
			buildPhases = (
				1F44A92E2BFDDAC2004622DB /* Sources */,
				1F44A92F2BFDDAC2004622DB /* Frameworks */,
				1F44A9302BFDDAC2004622DB /* Resources */,
			);
			buildRules = (
			);
			dependencies = (
			);
			name = Marvel;
			packageProductDependencies = (
			);
			productName = Marvel;
			productReference = 1F44A9322BFDDAC2004622DB /* Marvel.app */;
			productType = "com.apple.product-type.application";
		};
/* End PBXNativeTarget section */

/* Begin PBXProject section */
		1F44A92A2BFDDAC2004622DB /* Project object */ = {
			isa = PBXProject;
			attributes = {
				BuildIndependentTargetsInParallel = 1;
				LastSwiftUpdateCheck = 1300;
				LastUpgradeCheck = 1300;
				TargetAttributes = {
					1F44A9312BFDDAC2004622DB = {
						CreatedOnToolsVersion = 13.0;
					};
				};
			};
			buildConfigurationList = 1F44A92D2BFDDAC2004622DB /* Build configuration list for PBXProject "Marvel" */;
			compatibilityVersion = "Xcode 13.0";
			developmentRegion = en;
			hasScannedForEncodings = 0;
			knownRegions = (
				en,
				Base,
			);
			mainGroup = 1F44A9292BFDDAC2004622DB;
			packageReferences = (
			);
			productRefGroup = 1F44A9332BFDDAC2004622DB /* Products */;
			projectDirPath = "";
			projectRoot = "";
			targets = (
				1F44A9312BFDDAC2004622DB /* Marvel */,
			);
		};
/* End PBXProject section */

/* Begin PBXResourcesBuildPhase section */
		1F44A9302BFDDAC2004622DB /* Resources */ = {
			isa = PBXResourcesBuildPhase;
			buildActionMask = 2147483647;
			files = (
				1FBC0A8A2BFF0FFC00E3D8C6 /* LaunchScreen.storyboard in Resources */,
				1F44A93D2BFDDAC4004622DB /* Preview Assets.xcassets in Resources */,
				1F44A93A2BFDDAC4004622DB /* Assets.xcassets in Resources */,
			);
			runOnlyForDeploymentPostprocessing = 0;
		};
/* End PBXResourcesBuildPhase section */

/* Begin PBXSourcesBuildPhase section */
		1F44A92E2BFDDAC2004622DB /* Sources */ = {
			isa = PBXSourcesBuildPhase;
			buildActionMask = 2147483647;
			files = (
				1F44A9492BFDDC8C004622DB /* Home.swift in Sources */,
				1FBC0A872BFF04E400E3D8C6 /* CharacterRowView.swift in Sources */,
				1F44A9512BFDDEFE004622DB /* ComicsView.swift in Sources */,
				1F44A94B2BFDDDFF004622DB /* HomeViewModel.swift in Sources */,
				1FBC0A902BFF603400E3D8C6 /* CharacterDescriptionView.swift in Sources */,
				1FBC0A852BFF014500E3D8C6 /* ComicsModel.swift in Sources */,
				1F171D2F2BFDF667009626A0 /* CharactersModel.swift in Sources */,
				1F44A94F2BFDDEE0004622DB /* CharactersView.swift in Sources */,
				1FBC0A8C2BFF13B300E3D8C6 /* ComicRowView.swift in Sources */,
				1F44A9362BFDDAC2004622DB /* MarvelApp.swift in Sources */,
				1F171D422BFE1959009626A0 /* WebView.swift in Sources */,
			);
			runOnlyForDeploymentPostprocessing = 0;
		};
/* End PBXSourcesBuildPhase section */

/* Begin XCBuildConfiguration section */
		1F44A93E2BFDDAC4004622DB /* Debug */ = {
			isa = XCBuildConfiguration;
			buildSettings = {
				ALWAYS_SEARCH_USER_PATHS = NO;
				CLANG_ANALYZER_NONNULL = YES;
				CLANG_ANALYZER_NUMBER_OBJECT_CONVERSION = YES_AGGRESSIVE;
				CLANG_CXX_LANGUAGE_STANDARD = "gnu++17";
				CLANG_CXX_LIBRARY = "libc++";
				CLANG_ENABLE_MODULES = YES;
				CLANG_ENABLE_OBJC_ARC = YES;
				CLANG_ENABLE_OBJC_WEAK = YES;
				CLANG_WARN_BLOCK_CAPTURE_AUTORELEASING = YES;
				CLANG_WARN_BOOL_CONVERSION = YES;
				CLANG_WARN_COMMA = YES;
				CLANG_WARN_CONSTANT_CONVERSION = YES;
				CLANG_WARN_DEPRECATED_OBJC_IMPLEMENTATIONS = YES;
				CLANG_WARN_DIRECT_OBJC_ISA_USAGE = YES_ERROR;
				CLANG_WARN_DOCUMENTATION_COMMENTS = YES;
				CLANG_WARN_EMPTY_BODY = YES;
				CLANG_WARN_ENUM_CONVERSION = YES;
				CLANG_WARN_INFINITE_RECURSION = YES;
				CLANG_WARN_INT_CONVERSION = YES;
				CLANG_WARN_NON_LITERAL_NULL_CONVERSION = YES;
				CLANG_WARN_OBJC_IMPLICIT_RETAIN_SELF = YES;
				CLANG_WARN_OBJC_LITERAL_CONVERSION = YES;
				CLANG_WARN_OBJC_ROOT_CLASS = YES_ERROR;
				CLANG_WARN_QUOTED_INCLUDE_IN_FRAMEWORK_HEADER = YES;
				CLANG_WARN_RANGE_LOOP_ANALYSIS = YES;
				CLANG_WARN_STRICT_PROTOTYPES = YES;
				CLANG_WARN_SUSPICIOUS_MOVE = YES;
				CLANG_WARN_UNGUARDED_AVAILABILITY = YES_AGGRESSIVE;
				CLANG_WARN_UNREACHABLE_CODE = YES;
				CLANG_WARN__DUPLICATE_METHOD_MATCH = YES;
				COPY_PHASE_STRIP = NO;
				DEBUG_INFORMATION_FORMAT = dwarf;
				ENABLE_STRICT_OBJC_MSGSEND = YES;
				ENABLE_TESTABILITY = YES;
				GCC_C_LANGUAGE_STANDARD = gnu11;
				GCC_DYNAMIC_NO_PIC = NO;
				GCC_NO_COMMON_BLOCKS = YES;
				GCC_OPTIMIZATION_LEVEL = 0;
				GCC_PREPROCESSOR_DEFINITIONS = (
					"DEBUG=1",
					"$(inherited)",
				);
				GCC_WARN_64_TO_32_BIT_CONVERSION = YES;
				GCC_WARN_ABOUT_RETURN_TYPE = YES_ERROR;
				GCC_WARN_UNDECLARED_SELECTOR = YES;
				GCC_WARN_UNINITIALIZED_AUTOS = YES_AGGRESSIVE;
				GCC_WARN_UNUSED_FUNCTION = YES;
				GCC_WARN_UNUSED_VARIABLE = YES;
				IPHONEOS_DEPLOYMENT_TARGET = 15.0;
				MTL_ENABLE_DEBUG_INFO = INCLUDE_SOURCE;
				MTL_FAST_MATH = YES;
				ONLY_ACTIVE_ARCH = YES;
				SDKROOT = iphoneos;
				SWIFT_ACTIVE_COMPILATION_CONDITIONS = DEBUG;
				SWIFT_OPTIMIZATION_LEVEL = "-Onone";
			};
			name = Debug;
		};
		1F44A93F2BFDDAC4004622DB /* Release */ = {
			isa = XCBuildConfiguration;
			buildSettings = {
				ALWAYS_SEARCH_USER_PATHS = NO;
				CLANG_ANALYZER_NONNULL = YES;
				CLANG_ANALYZER_NUMBER_OBJECT_CONVERSION = YES_AGGRESSIVE;
				CLANG_CXX_LANGUAGE_STANDARD = "gnu++17";
				CLANG_CXX_LIBRARY = "libc++";
				CLANG_ENABLE_MODULES = YES;
				CLANG_ENABLE_OBJC_ARC = YES;
				CLANG_ENABLE_OBJC_WEAK = YES;
				CLANG_WARN_BLOCK_CAPTURE_AUTORELEASING = YES;
				CLANG_WARN_BOOL_CONVERSION = YES;
				CLANG_WARN_COMMA = YES;
				CLANG_WARN_CONSTANT_CONVERSION = YES;
				CLANG_WARN_DEPRECATED_OBJC_IMPLEMENTATIONS = YES;
				CLANG_WARN_DIRECT_OBJC_ISA_USAGE = YES_ERROR;
				CLANG_WARN_DOCUMENTATION_COMMENTS = YES;
				CLANG_WARN_EMPTY_BODY = YES;
				CLANG_WARN_ENUM_CONVERSION = YES;
				CLANG_WARN_INFINITE_RECURSION = YES;
				CLANG_WARN_INT_CONVERSION = YES;
				CLANG_WARN_NON_LITERAL_NULL_CONVERSION = YES;
				CLANG_WARN_OBJC_IMPLICIT_RETAIN_SELF = YES;
				CLANG_WARN_OBJC_LITERAL_CONVERSION = YES;
				CLANG_WARN_OBJC_ROOT_CLASS = YES_ERROR;
				CLANG_WARN_QUOTED_INCLUDE_IN_FRAMEWORK_HEADER = YES;
				CLANG_WARN_RANGE_LOOP_ANALYSIS = YES;
				CLANG_WARN_STRICT_PROTOTYPES = YES;
				CLANG_WARN_SUSPICIOUS_MOVE = YES;
				CLANG_WARN_UNGUARDED_AVAILABILITY = YES_AGGRESSIVE;
				CLANG_WARN_UNREACHABLE_CODE = YES;
				CLANG_WARN__DUPLICATE_METHOD_MATCH = YES;
				COPY_PHASE_STRIP = NO;
				DEBUG_INFORMATION_FORMAT = "dwarf-with-dsym";
				ENABLE_NS_ASSERTIONS = NO;
				ENABLE_STRICT_OBJC_MSGSEND = YES;
				GCC_C_LANGUAGE_STANDARD = gnu11;
				GCC_NO_COMMON_BLOCKS = YES;
				GCC_WARN_64_TO_32_BIT_CONVERSION = YES;
				GCC_WARN_ABOUT_RETURN_TYPE = YES_ERROR;
				GCC_WARN_UNDECLARED_SELECTOR = YES;
				GCC_WARN_UNINITIALIZED_AUTOS = YES_AGGRESSIVE;
				GCC_WARN_UNUSED_FUNCTION = YES;
				GCC_WARN_UNUSED_VARIABLE = YES;
				IPHONEOS_DEPLOYMENT_TARGET = 15.0;
				MTL_ENABLE_DEBUG_INFO = NO;
				MTL_FAST_MATH = YES;
				SDKROOT = iphoneos;
				SWIFT_COMPILATION_MODE = wholemodule;
				SWIFT_OPTIMIZATION_LEVEL = "-O";
				VALIDATE_PRODUCT = YES;
			};
			name = Release;
		};
		1F44A9412BFDDAC4004622DB /* Debug */ = {
			isa = XCBuildConfiguration;
			buildSettings = {
				ASSETCATALOG_COMPILER_APPICON_NAME = AppIcon;
				ASSETCATALOG_COMPILER_GLOBAL_ACCENT_COLOR_NAME = AccentColor;
				CODE_SIGN_STYLE = Automatic;
				CURRENT_PROJECT_VERSION = 1;
				DEVELOPMENT_ASSET_PATHS = "\"Marvel/Preview Content\"";
				DEVELOPMENT_TEAM = RYNS47QW35;
				ENABLE_PREVIEWS = YES;
				GENERATE_INFOPLIST_FILE = YES;
				INFOPLIST_FILE = Marvel/Info.plist;
				INFOPLIST_KEY_UIApplicationSceneManifest_Generation = YES;
				INFOPLIST_KEY_UIApplicationSupportsIndirectInputEvents = YES;
				INFOPLIST_KEY_UILaunchScreen_Generation = YES;
				INFOPLIST_KEY_UILaunchStoryboardName = LaunchScreen;
				INFOPLIST_KEY_UISupportedInterfaceOrientations_iPad = "UIInterfaceOrientationPortrait UIInterfaceOrientationPortraitUpsideDown UIInterfaceOrientationLandscapeLeft UIInterfaceOrientationLandscapeRight";
				INFOPLIST_KEY_UISupportedInterfaceOrientations_iPhone = "UIInterfaceOrientationPortrait UIInterfaceOrientationLandscapeLeft UIInterfaceOrientationLandscapeRight";
				IPHONEOS_DEPLOYMENT_TARGET = 15.0;
				LD_RUNPATH_SEARCH_PATHS = (
					"$(inherited)",
					"@executable_path/Frameworks",
				);
				MARKETING_VERSION = 1.0;
				PRODUCT_BUNDLE_IDENTIFIER = Reapmind.Marvel;
				PRODUCT_NAME = "$(TARGET_NAME)";
				SWIFT_EMIT_LOC_STRINGS = YES;
				SWIFT_VERSION = 5.0;
				TARGETED_DEVICE_FAMILY = "1,2";
			};
			name = Debug;
		};
		1F44A9422BFDDAC4004622DB /* Release */ = {
			isa = XCBuildConfiguration;
			buildSettings = {
				ASSETCATALOG_COMPILER_APPICON_NAME = AppIcon;
				ASSETCATALOG_COMPILER_GLOBAL_ACCENT_COLOR_NAME = AccentColor;
				CODE_SIGN_STYLE = Automatic;
				CURRENT_PROJECT_VERSION = 1;
				DEVELOPMENT_ASSET_PATHS = "\"Marvel/Preview Content\"";
				DEVELOPMENT_TEAM = RYNS47QW35;
				ENABLE_PREVIEWS = YES;
				GENERATE_INFOPLIST_FILE = YES;
				INFOPLIST_FILE = Marvel/Info.plist;
				INFOPLIST_KEY_UIApplicationSceneManifest_Generation = YES;
				INFOPLIST_KEY_UIApplicationSupportsIndirectInputEvents = YES;
				INFOPLIST_KEY_UILaunchScreen_Generation = YES;
				INFOPLIST_KEY_UILaunchStoryboardName = LaunchScreen;
				INFOPLIST_KEY_UISupportedInterfaceOrientations_iPad = "UIInterfaceOrientationPortrait UIInterfaceOrientationPortraitUpsideDown UIInterfaceOrientationLandscapeLeft UIInterfaceOrientationLandscapeRight";
				INFOPLIST_KEY_UISupportedInterfaceOrientations_iPhone = "UIInterfaceOrientationPortrait UIInterfaceOrientationLandscapeLeft UIInterfaceOrientationLandscapeRight";
				IPHONEOS_DEPLOYMENT_TARGET = 15.0;
				LD_RUNPATH_SEARCH_PATHS = (
					"$(inherited)",
					"@executable_path/Frameworks",
				);
				MARKETING_VERSION = 1.0;
				PRODUCT_BUNDLE_IDENTIFIER = Reapmind.Marvel;
				PRODUCT_NAME = "$(TARGET_NAME)";
				SWIFT_EMIT_LOC_STRINGS = YES;
				SWIFT_VERSION = 5.0;
				TARGETED_DEVICE_FAMILY = "1,2";
			};
			name = Release;
		};
/* End XCBuildConfiguration section */

/* Begin XCConfigurationList section */
		1F44A92D2BFDDAC2004622DB /* Build configuration list for PBXProject "Marvel" */ = {
			isa = XCConfigurationList;
			buildConfigurations = (
				1F44A93E2BFDDAC4004622DB /* Debug */,
				1F44A93F2BFDDAC4004622DB /* Release */,
			);
			defaultConfigurationIsVisible = 0;
			defaultConfigurationName = Release;
		};
		1F44A9402BFDDAC4004622DB /* Build configuration list for PBXNativeTarget "Marvel" */ = {
			isa = XCConfigurationList;
			buildConfigurations = (
				1F44A9412BFDDAC4004622DB /* Debug */,
				1F44A9422BFDDAC4004622DB /* Release */,
			);
			defaultConfigurationIsVisible = 0;
			defaultConfigurationName = Release;
		};
/* End XCConfigurationList section */
	};
	rootObject = 1F44A92A2BFDDAC2004622DB /* Project object */;
}
